
Microsoft Visual Studio Solution File, Format Version 12.00
# Visual Studio 15
VisualStudioVersion = 15.0.28307.757
MinimumVisualStudioVersion = 10.0.40219.1
Project("{FAE04EC0-301F-11D3-BF4B-00C04F79EFBC}") = "task_1", "task_1\task_1.csproj", "{295AAF1C-A3F4-4041-92F7-01735DFBA573}"
EndProject
Project("{FAE04EC0-301F-11D3-BF4B-00C04F79EFBC}") = "task_2", "task_2\task_2.csproj", "{62971494-E30A-4E32-9B67-67FD4405A76D}"
EndProject
Global
	GlobalSection(SolutionConfigurationPlatforms) = preSolution
		Debug|Any CPU = Debug|Any CPU
		Release|Any CPU = Release|Any CPU
	EndGlobalSection
	GlobalSection(ProjectConfigurationPlatforms) = postSolution
		{295AAF1C-A3F4-4041-92F7-01735DFBA573}.Debug|Any CPU.ActiveCfg = Debug|Any CPU
		{295AAF1C-A3F4-4041-92F7-01735DFBA573}.Debug|Any CPU.Build.0 = Debug|Any CPU
		{295AAF1C-A3F4-4041-92F7-01735DFBA573}.Release|Any CPU.ActiveCfg = Release|Any CPU
		{295AAF1C-A3F4-4041-92F7-01735DFBA573}.Release|Any CPU.Build.0 = Release|Any CPU
		{62971494-E30A-4E32-9B67-67FD4405A76D}.Debug|Any CPU.ActiveCfg = Debug|Any CPU
		{62971494-E30A-4E32-9B67-67FD4405A76D}.Debug|Any CPU.Build.0 = Debug|Any CPU
		{62971494-E30A-4E32-9B67-67FD4405A76D}.Release|Any CPU.ActiveCfg = Release|Any CPU
		{62971494-E30A-4E32-9B67-67FD4405A76D}.Release|Any CPU.Build.0 = Release|Any CPU
	EndGlobalSection
	GlobalSection(SolutionProperties) = preSolution
		HideSolutionNode = FALSE
	EndGlobalSection
	GlobalSection(ExtensibilityGlobals) = postSolution
		SolutionGuid = {7F20D3EE-F92B-4707-9C66-83BABD785BB0}
	EndGlobalSection
EndGlobal
