
Microsoft Visual Studio Solution File, Format Version 12.00
# Visual Studio 15
VisualStudioVersion = 15.0.28307.757
MinimumVisualStudioVersion = 10.0.40219.1
Project("{FAE04EC0-301F-11D3-BF4B-00C04F79EFBC}") = "Lab_1_Calculator_Korbut", "Lab_1_Calculator_Korbut\Lab_1_Calculator_Korbut.csproj", "{6BE2B0D2-5788-4C7E-973D-9E2E01548DDC}"
EndProject
Global
	GlobalSection(SolutionConfigurationPlatforms) = preSolution
		Debug|Any CPU = Debug|Any CPU
		Release|Any CPU = Release|Any CPU
	EndGlobalSection
	GlobalSection(ProjectConfigurationPlatforms) = postSolution
		{6BE2B0D2-5788-4C7E-973D-9E2E01548DDC}.Debug|Any CPU.ActiveCfg = Debug|Any CPU
		{6BE2B0D2-5788-4C7E-973D-9E2E01548DDC}.Debug|Any CPU.Build.0 = Debug|Any CPU
		{6BE2B0D2-5788-4C7E-973D-9E2E01548DDC}.Release|Any CPU.ActiveCfg = Release|Any CPU
		{6BE2B0D2-5788-4C7E-973D-9E2E01548DDC}.Release|Any CPU.Build.0 = Release|Any CPU
	EndGlobalSection
	GlobalSection(SolutionProperties) = preSolution
		HideSolutionNode = FALSE
	EndGlobalSection
	GlobalSection(ExtensibilityGlobals) = postSolution
		SolutionGuid = {29FEE684-1FBA-4FF4-AB87-50EF24CCC673}
	EndGlobalSection
EndGlobal
